// !$*UTF8*$!
{
	archiveVersion = 1;
	classes = {
	};
	objectVersion = 50;
	objects = {

/* Begin PBXBuildFile section */
		6643B2C220C86817002FE313 /* AppDelegate.swift in Sources */ = {isa = PBXBuildFile; fileRef = 6643B2C120C86817002FE313 /* AppDelegate.swift */; };
		6643B2C420C86817002FE313 /* ViewController.swift in Sources */ = {isa = PBXBuildFile; fileRef = 6643B2C320C86817002FE313 /* ViewController.swift */; };
		6643B2C920C86818002FE313 /* Assets.xcassets in Resources */ = {isa = PBXBuildFile; fileRef = 6643B2C820C86818002FE313 /* Assets.xcassets */; };
		6643B2CC20C86818002FE313 /* LaunchScreen.storyboard in Resources */ = {isa = PBXBuildFile; fileRef = 6643B2CA20C86818002FE313 /* LaunchScreen.storyboard */; };
		6653859620C86FE300DCF1F6 /* UIViewBorderHelper.swift in Sources */ = {isa = PBXBuildFile; fileRef = 6653859520C86FE300DCF1F6 /* UIViewBorderHelper.swift */; };
		C5CD06D08F0A35705E7931E4 /* Pods_tx3.framework in Frameworks */ = {isa = PBXBuildFile; fileRef = 391D3C0B07FA8281535A7BE9 /* Pods_tx3.framework */; };
/* End PBXBuildFile section */

/* Begin PBXFileReference section */
		391D3C0B07FA8281535A7BE9 /* Pods_tx3.framework */ = {isa = PBXFileReference; explicitFileType = wrapper.framework; includeInIndex = 0; path = Pods_tx3.framework; sourceTree = BUILT_PRODUCTS_DIR; };
		6643B2BE20C86817002FE313 /* tx3.app */ = {isa = PBXFileReference; explicitFileType = wrapper.application; includeInIndex = 0; path = tx3.app; sourceTree = BUILT_PRODUCTS_DIR; };
		6643B2C120C86817002FE313 /* AppDelegate.swift */ = {isa = PBXFileReference; lastKnownFileType = sourcecode.swift; path = AppDelegate.swift; sourceTree = "<group>"; };
		6643B2C320C86817002FE313 /* ViewController.swift */ = {isa = PBXFileReference; lastKnownFileType = sourcecode.swift; path = ViewController.swift; sourceTree = "<group>"; };
		6643B2C820C86818002FE313 /* Assets.xcassets */ = {isa = PBXFileReference; lastKnownFileType = folder.assetcatalog; path = Assets.xcassets; sourceTree = "<group>"; };
		6643B2CB20C86818002FE313 /* Base */ = {isa = PBXFileReference; lastKnownFileType = file.storyboard; name = Base; path = Base.lproj/LaunchScreen.storyboard; sourceTree = "<group>"; };
		6643B2CD20C86818002FE313 /* Info.plist */ = {isa = PBXFileReference; lastKnownFileType = text.plist.xml; path = Info.plist; sourceTree = "<group>"; };
		6653859520C86FE300DCF1F6 /* UIViewBorderHelper.swift */ = {isa = PBXFileReference; lastKnownFileType = sourcecode.swift; path = UIViewBorderHelper.swift; sourceTree = "<group>"; };
		674AF9C7A5873BAB2D8A7A44 /* Pods-tx3.release.xcconfig */ = {isa = PBXFileReference; includeInIndex = 1; lastKnownFileType = text.xcconfig; name = "Pods-tx3.release.xcconfig"; path = "Pods/Target Support Files/Pods-tx3/Pods-tx3.release.xcconfig"; sourceTree = "<group>"; };
		8B2C4AE39A9F4BB586553C45 /* Pods-tx3.debug.xcconfig */ = {isa = PBXFileReference; includeInIndex = 1; lastKnownFileType = text.xcconfig; name = "Pods-tx3.debug.xcconfig"; path = "Pods/Target Support Files/Pods-tx3/Pods-tx3.debug.xcconfig"; sourceTree = "<group>"; };
/* End PBXFileReference section */

/* Begin PBXFrameworksBuildPhase section */
		6643B2BB20C86817002FE313 /* Frameworks */ = {
			isa = PBXFrameworksBuildPhase;
			buildActionMask = 2147483647;
			files = (
				C5CD06D08F0A35705E7931E4 /* Pods_tx3.framework in Frameworks */,
			);
			runOnlyForDeploymentPostprocessing = 0;
		};
/* End PBXFrameworksBuildPhase section */

/* Begin PBXGroup section */
		2D7C6948DA1BAD809DE5DCF1 /* Frameworks */ = {
			isa = PBXGroup;
			children = (
				391D3C0B07FA8281535A7BE9 /* Pods_tx3.framework */,
			);
			name = Frameworks;
			sourceTree = "<group>";
		};
		6643B2B520C86817002FE313 = {
			isa = PBXGroup;
			children = (
				6643B2C020C86817002FE313 /* tx3 */,
				6643B2BF20C86817002FE313 /* Products */,
				F2CEEBA0C07B1FBC31DDBB32 /* Pods */,
				2D7C6948DA1BAD809DE5DCF1 /* Frameworks */,
			);
			sourceTree = "<group>";
		};
		6643B2BF20C86817002FE313 /* Products */ = {
			isa = PBXGroup;
			children = (
				6643B2BE20C86817002FE313 /* tx3.app */,
			);
			name = Products;
			sourceTree = "<group>";
		};
		6643B2C020C86817002FE313 /* tx3 */ = {
			isa = PBXGroup;
			children = (
				6643B2C120C86817002FE313 /* AppDelegate.swift */,
				6643B2C320C86817002FE313 /* ViewController.swift */,
				6653859520C86FE300DCF1F6 /* UIViewBorderHelper.swift */,
				6643B2C820C86818002FE313 /* Assets.xcassets */,
				6643B2CA20C86818002FE313 /* LaunchScreen.storyboard */,
				6643B2CD20C86818002FE313 /* Info.plist */,
			);
			path = tx3;
			sourceTree = "<group>";
		};
		F2CEEBA0C07B1FBC31DDBB32 /* Pods */ = {
			isa = PBXGroup;
			children = (
				8B2C4AE39A9F4BB586553C45 /* Pods-tx3.debug.xcconfig */,
				674AF9C7A5873BAB2D8A7A44 /* Pods-tx3.release.xcconfig */,
			);
			name = Pods;
			sourceTree = "<group>";
		};
/* End PBXGroup section */

/* Begin PBXNativeTarget section */
		6643B2BD20C86817002FE313 /* tx3 */ = {
			isa = PBXNativeTarget;
			buildConfigurationList = 6643B2D020C86818002FE313 /* Build configuration list for PBXNativeTarget "tx3" */;
			buildPhases = (
				0CAAE25A7053690CE9EA0541 /* [CP] Check Pods Manifest.lock */,
				6643B2BA20C86817002FE313 /* Sources */,
				6643B2BB20C86817002FE313 /* Frameworks */,
				6643B2BC20C86817002FE313 /* Resources */,
				693B8B8A9DDD3FE3F6CDF9AC /* [CP] Embed Pods Frameworks */,
			);
			buildRules = (
			);
			dependencies = (
			);
			name = tx3;
			productName = tx3;
			productReference = 6643B2BE20C86817002FE313 /* tx3.app */;
			productType = "com.apple.product-type.application";
		};
/* End PBXNativeTarget section */

/* Begin PBXProject section */
		6643B2B620C86817002FE313 /* Project object */ = {
			isa = PBXProject;
			attributes = {
				LastSwiftUpdateCheck = 1000;
				LastUpgradeCheck = 1000;
				ORGANIZATIONNAME = "Mason Phillips";
				TargetAttributes = {
					6643B2BD20C86817002FE313 = {
						CreatedOnToolsVersion = 10.0;
					};
				};
			};
			buildConfigurationList = 6643B2B920C86817002FE313 /* Build configuration list for PBXProject "tx3" */;
			compatibilityVersion = "Xcode 9.3";
			developmentRegion = en;
			hasScannedForEncodings = 0;
			knownRegions = (
				en,
				Base,
			);
			mainGroup = 6643B2B520C86817002FE313;
			productRefGroup = 6643B2BF20C86817002FE313 /* Products */;
			projectDirPath = "";
			projectRoot = "";
			targets = (
				6643B2BD20C86817002FE313 /* tx3 */,
			);
		};
/* End PBXProject section */

/* Begin PBXResourcesBuildPhase section */
		6643B2BC20C86817002FE313 /* Resources */ = {
			isa = PBXResourcesBuildPhase;
			buildActionMask = 2147483647;
			files = (
				6643B2CC20C86818002FE313 /* LaunchScreen.storyboard in Resources */,
				6643B2C920C86818002FE313 /* Assets.xcassets in Resources */,
			);
			runOnlyForDeploymentPostprocessing = 0;
		};
/* End PBXResourcesBuildPhase section */

/* Begin PBXShellScriptBuildPhase section */
		0CAAE25A7053690CE9EA0541 /* [CP] Check Pods Manifest.lock */ = {
			isa = PBXShellScriptBuildPhase;
			buildActionMask = 2147483647;
			files = (
			);
			inputPaths = (
				"${PODS_PODFILE_DIR_PATH}/Podfile.lock",
				"${PODS_ROOT}/Manifest.lock",
			);
			name = "[CP] Check Pods Manifest.lock";
			outputPaths = (
				"$(DERIVED_FILE_DIR)/Pods-tx3-checkManifestLockResult.txt",
			);
			runOnlyForDeploymentPostprocessing = 0;
			shellPath = /bin/sh;
			shellScript = "diff \"${PODS_PODFILE_DIR_PATH}/Podfile.lock\" \"${PODS_ROOT}/Manifest.lock\" > /dev/null\nif [ $? != 0 ] ; then\n    # print error to STDERR\n    echo \"error: The sandbox is not in sync with the Podfile.lock. Run 'pod install' or update your CocoaPods installation.\" >&2\n    exit 1\nfi\n# This output is used by Xcode 'outputs' to avoid re-running this script phase.\necho \"SUCCESS\" > \"${SCRIPT_OUTPUT_FILE_0}\"\n";
			showEnvVarsInLog = 0;
		};
		693B8B8A9DDD3FE3F6CDF9AC /* [CP] Embed Pods Frameworks */ = {
			isa = PBXShellScriptBuildPhase;
			buildActionMask = 2147483647;
			files = (
			);
			inputPaths = (
				"${SRCROOT}/Pods/Target Support Files/Pods-tx3/Pods-tx3-frameworks.sh",
				"${BUILT_PRODUCTS_DIR}/Neon/Neon.framework",
			);
			name = "[CP] Embed Pods Frameworks";
			outputPaths = (
				"${TARGET_BUILD_DIR}/${FRAMEWORKS_FOLDER_PATH}/Neon.framework",
			);
			runOnlyForDeploymentPostprocessing = 0;
			shellPath = /bin/sh;
			shellScript = "\"${SRCROOT}/Pods/Target Support Files/Pods-tx3/Pods-tx3-frameworks.sh\"\n";
			showEnvVarsInLog = 0;
		};
/* End PBXShellScriptBuildPhase section */

/* Begin PBXSourcesBuildPhase section */
		6643B2BA20C86817002FE313 /* Sources */ = {
			isa = PBXSourcesBuildPhase;
			buildActionMask = 2147483647;
			files = (
				6653859620C86FE300DCF1F6 /* UIViewBorderHelper.swift in Sources */,
				6643B2C420C86817002FE313 /* ViewController.swift in Sources */,
				6643B2C220C86817002FE313 /* AppDelegate.swift in Sources */,
			);
			runOnlyForDeploymentPostprocessing = 0;
		};
/* End PBXSourcesBuildPhase section */

/* Begin PBXVariantGroup section */
		6643B2CA20C86818002FE313 /* LaunchScreen.storyboard */ = {
			isa = PBXVariantGroup;
			children = (
				6643B2CB20C86818002FE313 /* Base */,
			);
			name = LaunchScreen.storyboard;
			sourceTree = "<group>";
		};
/* End PBXVariantGroup section */

/* Begin XCBuildConfiguration section */
		6643B2CE20C86818002FE313 /* Debug */ = {
			isa = XCBuildConfiguration;
			buildSettings = {
				ALWAYS_SEARCH_USER_PATHS = NO;
				CLANG_ANALYZER_NONNULL = YES;
				CLANG_ANALYZER_NUMBER_OBJECT_CONVERSION = YES_AGGRESSIVE;
				CLANG_CXX_LANGUAGE_STANDARD = "gnu++14";
				CLANG_CXX_LIBRARY = "libc++";
				CLANG_ENABLE_MODULES = YES;
				CLANG_ENABLE_OBJC_ARC = YES;
				CLANG_ENABLE_OBJC_WEAK = YES;
				CLANG_WARN_BLOCK_CAPTURE_AUTORELEASING = YES;
				CLANG_WARN_BOOL_CONVERSION = YES;
				CLANG_WARN_COMMA = YES;
				CLANG_WARN_CONSTANT_CONVERSION = YES;
				CLANG_WARN_DEPRECATED_OBJC_IMPLEMENTATIONS = YES;
				CLANG_WARN_DIRECT_OBJC_ISA_USAGE = YES_ERROR;
				CLANG_WARN_DOCUMENTATION_COMMENTS = YES;
				CLANG_WARN_EMPTY_BODY = YES;
				CLANG_WARN_ENUM_CONVERSION = YES;
				CLANG_WARN_INFINITE_RECURSION = YES;
				CLANG_WARN_INT_CONVERSION = YES;
				CLANG_WARN_NON_LITERAL_NULL_CONVERSION = YES;
				CLANG_WARN_OBJC_IMPLICIT_RETAIN_SELF = YES;
				CLANG_WARN_OBJC_LITERAL_CONVERSION = YES;
				CLANG_WARN_OBJC_ROOT_CLASS = YES_ERROR;
				CLANG_WARN_RANGE_LOOP_ANALYSIS = YES;
				CLANG_WARN_STRICT_PROTOTYPES = YES;
				CLANG_WARN_SUSPICIOUS_MOVE = YES;
				CLANG_WARN_UNGUARDED_AVAILABILITY = YES_AGGRESSIVE;
				CLANG_WARN_UNREACHABLE_CODE = YES;
				CLANG_WARN__DUPLICATE_METHOD_MATCH = YES;
				CODE_SIGN_IDENTITY = "iPhone Developer";
				COPY_PHASE_STRIP = NO;
				DEBUG_INFORMATION_FORMAT = dwarf;
				ENABLE_STRICT_OBJC_MSGSEND = YES;
				ENABLE_TESTABILITY = YES;
				GCC_C_LANGUAGE_STANDARD = gnu11;
				GCC_DYNAMIC_NO_PIC = NO;
				GCC_NO_COMMON_BLOCKS = YES;
				GCC_OPTIMIZATION_LEVEL = 0;
				GCC_PREPROCESSOR_DEFINITIONS = (
					"DEBUG=1",
					"$(inherited)",
				);
				GCC_WARN_64_TO_32_BIT_CONVERSION = YES;
				GCC_WARN_ABOUT_RETURN_TYPE = YES_ERROR;
				GCC_WARN_UNDECLARED_SELECTOR = YES;
				GCC_WARN_UNINITIALIZED_AUTOS = YES_AGGRESSIVE;
				GCC_WARN_UNUSED_FUNCTION = YES;
				GCC_WARN_UNUSED_VARIABLE = YES;
				IPHONEOS_DEPLOYMENT_TARGET = 12.0;
				MTL_ENABLE_DEBUG_INFO = INCLUDE_SOURCE;
				ONLY_ACTIVE_ARCH = YES;
				SDKROOT = iphoneos;
				SWIFT_ACTIVE_COMPILATION_CONDITIONS = DEBUG;
				SWIFT_OPTIMIZATION_LEVEL = "-Onone";
			};
			name = Debug;
		};
		6643B2CF20C86818002FE313 /* Release */ = {
			isa = XCBuildConfiguration;
			buildSettings = {
				ALWAYS_SEARCH_USER_PATHS = NO;
				CLANG_ANALYZER_NONNULL = YES;
				CLANG_ANALYZER_NUMBER_OBJECT_CONVERSION = YES_AGGRESSIVE;
				CLANG_CXX_LANGUAGE_STANDARD = "gnu++14";
				CLANG_CXX_LIBRARY = "libc++";
				CLANG_ENABLE_MODULES = YES;
				CLANG_ENABLE_OBJC_ARC = YES;
				CLANG_ENABLE_OBJC_WEAK = YES;
				CLANG_WARN_BLOCK_CAPTURE_AUTORELEASING = YES;
				CLANG_WARN_BOOL_CONVERSION = YES;
				CLANG_WARN_COMMA = YES;
				CLANG_WARN_CONSTANT_CONVERSION = YES;
				CLANG_WARN_DEPRECATED_OBJC_IMPLEMENTATIONS = YES;
				CLANG_WARN_DIRECT_OBJC_ISA_USAGE = YES_ERROR;
				CLANG_WARN_DOCUMENTATION_COMMENTS = YES;
				CLANG_WARN_EMPTY_BODY = YES;
				CLANG_WARN_ENUM_CONVERSION = YES;
				CLANG_WARN_INFINITE_RECURSION = YES;
				CLANG_WARN_INT_CONVERSION = YES;
				CLANG_WARN_NON_LITERAL_NULL_CONVERSION = YES;
				CLANG_WARN_OBJC_IMPLICIT_RETAIN_SELF = YES;
				CLANG_WARN_OBJC_LITERAL_CONVERSION = YES;
				CLANG_WARN_OBJC_ROOT_CLASS = YES_ERROR;
				CLANG_WARN_RANGE_LOOP_ANALYSIS = YES;
				CLANG_WARN_STRICT_PROTOTYPES = YES;
				CLANG_WARN_SUSPICIOUS_MOVE = YES;
				CLANG_WARN_UNGUARDED_AVAILABILITY = YES_AGGRESSIVE;
				CLANG_WARN_UNREACHABLE_CODE = YES;
				CLANG_WARN__DUPLICATE_METHOD_MATCH = YES;
				CODE_SIGN_IDENTITY = "iPhone Developer";
				COPY_PHASE_STRIP = NO;
				DEBUG_INFORMATION_FORMAT = "dwarf-with-dsym";
				ENABLE_NS_ASSERTIONS = NO;
				ENABLE_STRICT_OBJC_MSGSEND = YES;
				GCC_C_LANGUAGE_STANDARD = gnu11;
				GCC_NO_COMMON_BLOCKS = YES;
				GCC_WARN_64_TO_32_BIT_CONVERSION = YES;
				GCC_WARN_ABOUT_RETURN_TYPE = YES_ERROR;
				GCC_WARN_UNDECLARED_SELECTOR = YES;
				GCC_WARN_UNINITIALIZED_AUTOS = YES_AGGRESSIVE;
				GCC_WARN_UNUSED_FUNCTION = YES;
				GCC_WARN_UNUSED_VARIABLE = YES;
				IPHONEOS_DEPLOYMENT_TARGET = 12.0;
				MTL_ENABLE_DEBUG_INFO = NO;
				SDKROOT = iphoneos;
				SWIFT_COMPILATION_MODE = wholemodule;
				SWIFT_OPTIMIZATION_LEVEL = "-O";
				VALIDATE_PRODUCT = YES;
			};
			name = Release;
		};
		6643B2D120C86818002FE313 /* Debug */ = {
			isa = XCBuildConfiguration;
			baseConfigurationReference = 8B2C4AE39A9F4BB586553C45 /* Pods-tx3.debug.xcconfig */;
			buildSettings = {
				ASSETCATALOG_COMPILER_APPICON_NAME = AppIcon;
				CODE_SIGN_STYLE = Automatic;
				DEVELOPMENT_TEAM = 6S4L29QT59;
				INFOPLIST_FILE = tx3/Info.plist;
				IPHONEOS_DEPLOYMENT_TARGET = 11.3;
				LD_RUNPATH_SEARCH_PATHS = (
					"$(inherited)",
					"@executable_path/Frameworks",
				);
				PRODUCT_BUNDLE_IDENTIFIER = org.matrixstudios.tx3;
				PRODUCT_NAME = "$(TARGET_NAME)";
				SWIFT_VERSION = 4.2;
				TARGETED_DEVICE_FAMILY = 1;
			};
			name = Debug;
		};
		6643B2D220C86818002FE313 /* Release */ = {
			isa = XCBuildConfiguration;
			baseConfigurationReference = 674AF9C7A5873BAB2D8A7A44 /* Pods-tx3.release.xcconfig */;
			buildSettings = {
				ASSETCATALOG_COMPILER_APPICON_NAME = AppIcon;
				CODE_SIGN_STYLE = Automatic;
				DEVELOPMENT_TEAM = 6S4L29QT59;
				INFOPLIST_FILE = tx3/Info.plist;
				IPHONEOS_DEPLOYMENT_TARGET = 11.3;
				LD_RUNPATH_SEARCH_PATHS = (
					"$(inherited)",
					"@executable_path/Frameworks",
				);
				PRODUCT_BUNDLE_IDENTIFIER = org.matrixstudios.tx3;
				PRODUCT_NAME = "$(TARGET_NAME)";
				SWIFT_VERSION = 4.2;
				TARGETED_DEVICE_FAMILY = 1;
			};
			name = Release;
		};
/* End XCBuildConfiguration section */

/* Begin XCConfigurationList section */
		6643B2B920C86817002FE313 /* Build configuration list for PBXProject "tx3" */ = {
			isa = XCConfigurationList;
			buildConfigurations = (
				6643B2CE20C86818002FE313 /* Debug */,
				6643B2CF20C86818002FE313 /* Release */,
			);
			defaultConfigurationIsVisible = 0;
			defaultConfigurationName = Release;
		};
		6643B2D020C86818002FE313 /* Build configuration list for PBXNativeTarget "tx3" */ = {
			isa = XCConfigurationList;
			buildConfigurations = (
				6643B2D120C86818002FE313 /* Debug */,
				6643B2D220C86818002FE313 /* Release */,
			);
			defaultConfigurationIsVisible = 0;
			defaultConfigurationName = Release;
		};
/* End XCConfigurationList section */
	};
	rootObject = 6643B2B620C86817002FE313 /* Project object */;
}
